
Microsoft Visual Studio Solution File, Format Version 12.00
# Visual Studio 15
VisualStudioVersion = 15.0.28010.2036
MinimumVisualStudioVersion = 10.0.40219.1
Project("{FAE04EC0-301F-11D3-BF4B-00C04F79EFBC}") = "Add_User", "Add_User\Add_User.csproj", "{9DAD1C3C-3B4A-4D95-9FBE-5F0247C3D17B}"
EndProject
Global
	GlobalSection(SolutionConfigurationPlatforms) = preSolution
		Debug|Any CPU = Debug|Any CPU
		Release|Any CPU = Release|Any CPU
	EndGlobalSection
	GlobalSection(ProjectConfigurationPlatforms) = postSolution
		{9DAD1C3C-3B4A-4D95-9FBE-5F0247C3D17B}.Debug|Any CPU.ActiveCfg = Debug|Any CPU
		{9DAD1C3C-3B4A-4D95-9FBE-5F0247C3D17B}.Debug|Any CPU.Build.0 = Debug|Any CPU
		{9DAD1C3C-3B4A-4D95-9FBE-5F0247C3D17B}.Release|Any CPU.ActiveCfg = Release|Any CPU
		{9DAD1C3C-3B4A-4D95-9FBE-5F0247C3D17B}.Release|Any CPU.Build.0 = Release|Any CPU
	EndGlobalSection
	GlobalSection(SolutionProperties) = preSolution
		HideSolutionNode = FALSE
	EndGlobalSection
	GlobalSection(ExtensibilityGlobals) = postSolution
		SolutionGuid = {C4E7F31A-6A97-4A66-A0B9-238A8ABE9AA2}
	EndGlobalSection
EndGlobal
